{
  "name": "@quirrel/client",
  "version": "0.6.0",
  "lockfileVersion": 1,
  "requires": true,
  "dependencies": {
    "@types/node": {
      "version": "14.11.2",
      "resolved": "https://registry.npmjs.org/@types/node/-/node-14.11.2.tgz",
      "integrity": "sha512-jiE3QIxJ8JLNcb1Ps6rDbysDhN4xa8DJJvuC9prr6w+1tIh+QAbYyNF3tyiZNLDBIuBCf4KEcV2UvQm/V60xfA==",
      "dev": true
    },
    "secure-e2ee": {
      "version": "0.1.1",
      "resolved": "https://registry.npmjs.org/secure-e2ee/-/secure-e2ee-0.1.1.tgz",
      "integrity": "sha512-UsCQG0xejQtUGTqWjYLTmestWorEaDla4DiMAKQbF91Pai977H5Ggf0Z6rhPEavG/7C1N2IEjXqfp8LY5Vhuug=="
    },
    "secure-webhooks": {
      "version": "0.2.0",
      "resolved": "https://registry.npmjs.org/secure-webhooks/-/secure-webhooks-0.2.0.tgz",
      "integrity": "sha512-vMjvjaZKZHzbcNKAv4e/E7g3FFyx1gCCzhjMA2yzk2jTrKhIR0HNcGmYBWs9KrSWhg7o8xtXbCaorq4kSs0fBg=="
    },
    "typescript": {
      "version": "4.0.3",
      "resolved": "https://registry.npmjs.org/typescript/-/typescript-4.0.3.tgz",
      "integrity": "sha512-tEu6DGxGgRJPb/mVPIZ48e69xCn2yRmCgYmDugAVwmJ6o+0u1RI18eO7E7WBTLYLaEVVOhwQmcdhQHweux/WPg==",
      "dev": true
    }
  }
}
