{
  "name": "netlify",
  "lockfileVersion": 2,
  "requires": true,
  "packages": {
    "": {
      "dependencies": {
        "@netlify/functions": "^0.7.2",
        "quirrel": "file:../.."
      }
    },
    "../..": {
      "version": "1.7.1",
      "license": "MIT",
      "dependencies": {
        "@babel/parser": "^7.14.7",
        "@babel/traverse": "^7.14.7",
        "@quirrel/ioredis-mock": "^5.6.1",
        "@quirrel/owl": "^0.14.2",
        "@sentry/node": "6.12.0",
        "@sentry/tracing": "6.12.0",
        "basic-auth": "2.0.1",
        "body-parser": "1.19.0",
        "chalk": "4.1.2",
        "chokidar": "3.5.2",
        "commander": "^8.0.0",
        "conditional-type-checks": "1.0.5",
        "connect": "3.7.0",
        "cron-parser": "4.0.0",
        "cross-fetch": "^3.1.4",
        "cross-spawn": "7.0.3",
        "dd-trace": "^1.0.0",
        "easy-table": "1.1.1",
        "expand-tilde": "2.0.2",
        "fast-glob": "3.2.7",
        "fastify": "3.21.0",
        "fastify-basic-auth": "2.1.0",
        "fastify-blipp": "3.1.0",
        "fastify-cors": "6.0.2",
        "fastify-plugin": "3.0.0",
        "fastify-static": "^4.2.2",
        "fastify-swagger": "^4.5.0",
        "fastify-websocket": "4.0.0",
        "ioredis": "4.27.9",
        "ipaddr.js": "^2.0.1",
        "js-yaml": "^4.1.0",
        "jsonwebtoken": "^8.5.1",
        "ms": "2.1.3",
        "node-fetch": "^2.6.1",
        "open": "8.2.1",
        "opentracing": "^0.14.5",
        "parse-gitignore": "1.0.1",
        "pino": "6.13.2",
        "plausible-telemetry": "0.1.0",
        "secure-e2ee": "0.4.0",
        "secure-webhooks": "^0.3.0",
        "superjson": "^1.7.3",
        "uuid": "^8.3.2",
        "zod": "^3.0.0-alpha.29"
      },
      "bin": {
        "quirrel": "dist/cjs/src/cli/index.js"
      },
      "devDependencies": {
        "@types/basic-auth": "1.1.3",
        "@types/body-parser": "1.19.1",
        "@types/connect": "3.4.35",
        "@types/cross-spawn": "6.0.2",
        "@types/easy-table": "0.0.33",
        "@types/expand-tilde": "2.0.0",
        "@types/ioredis": "4.27.2",
        "@types/jest": "27.0.1",
        "@types/js-yaml": "4.0.3",
        "@types/jsonwebtoken": "8.5.5",
        "@types/ms": "0.7.31",
        "@types/node-fetch": "2.5.12",
        "@types/parse-gitignore": "1.0.0",
        "@types/pino": "6.3.11",
        "@types/redis": "2.8.32",
        "@types/supertest": "2.0.11",
        "@types/uuid": "8.3.1",
        "@types/websocket": "1.0.4",
        "@types/ws": "7.4.7",
        "delay": "5.0.0",
        "jest": "27.1.0",
        "json-schema-to-typescript": "10.1.4",
        "npm-run-all": "4.1.5",
        "supertest": "6.1.6",
        "ts-jest": "27.0.5",
        "typescript": "4.4.2",
        "websocket": "1.0.34"
      },
      "engines": {
        "node": "12 || 14 || 15 || 16"
      }
    },
    "node_modules/@netlify/functions": {
      "version": "0.7.2",
      "resolved": "https://registry.npmjs.org/@netlify/functions/-/functions-0.7.2.tgz",
      "integrity": "sha512-xf45ZqQukMxmlkqNMC5BXdFMaVZ8VqF42MV5zA5nKVOh2V0mhYlcbTYlVbS/K2/rtvQ3W8lxxixYl4NT7kq6Bg==",
      "dependencies": {
        "is-promise": "^4.0.0"
      },
      "engines": {
        "node": ">=8.3.0"
      }
    },
    "node_modules/is-promise": {
      "version": "4.0.0",
      "resolved": "https://registry.npmjs.org/is-promise/-/is-promise-4.0.0.tgz",
      "integrity": "sha512-hvpoI6korhJMnej285dSg6nu1+e6uxs7zG3BYAm5byqDsgJNWwxzM6z6iZiAgQR4TJ30JmBTOwqZUw3WlyH3AQ=="
    },
    "node_modules/quirrel": {
      "resolved": "../..",
      "link": true
    }
  },
  "dependencies": {
    "@netlify/functions": {
      "version": "0.7.2",
      "resolved": "https://registry.npmjs.org/@netlify/functions/-/functions-0.7.2.tgz",
      "integrity": "sha512-xf45ZqQukMxmlkqNMC5BXdFMaVZ8VqF42MV5zA5nKVOh2V0mhYlcbTYlVbS/K2/rtvQ3W8lxxixYl4NT7kq6Bg==",
      "requires": {
        "is-promise": "^4.0.0"
      }
    },
    "is-promise": {
      "version": "4.0.0",
      "resolved": "https://registry.npmjs.org/is-promise/-/is-promise-4.0.0.tgz",
      "integrity": "sha512-hvpoI6korhJMnej285dSg6nu1+e6uxs7zG3BYAm5byqDsgJNWwxzM6z6iZiAgQR4TJ30JmBTOwqZUw3WlyH3AQ=="
    },
    "quirrel": {
      "version": "file:../..",
      "requires": {
        "@babel/parser": "^7.14.7",
        "@babel/traverse": "^7.14.7",
        "@quirrel/ioredis-mock": "^5.6.1",
        "@quirrel/owl": "^0.14.2",
        "@sentry/node": "6.12.0",
        "@sentry/tracing": "6.12.0",
        "@types/basic-auth": "1.1.3",
        "@types/body-parser": "1.19.1",
        "@types/connect": "3.4.35",
        "@types/cross-spawn": "6.0.2",
        "@types/easy-table": "0.0.33",
        "@types/expand-tilde": "2.0.0",
        "@types/ioredis": "4.27.2",
        "@types/jest": "27.0.1",
        "@types/js-yaml": "4.0.3",
        "@types/jsonwebtoken": "8.5.5",
        "@types/ms": "0.7.31",
        "@types/node-fetch": "2.5.12",
        "@types/parse-gitignore": "1.0.0",
        "@types/pino": "6.3.11",
        "@types/redis": "2.8.32",
        "@types/supertest": "2.0.11",
        "@types/uuid": "8.3.1",
        "@types/websocket": "1.0.4",
        "@types/ws": "7.4.7",
        "basic-auth": "2.0.1",
        "body-parser": "1.19.0",
        "chalk": "4.1.2",
        "chokidar": "3.5.2",
        "commander": "^8.0.0",
        "conditional-type-checks": "1.0.5",
        "connect": "3.7.0",
        "cron-parser": "4.0.0",
        "cross-fetch": "^3.1.4",
        "cross-spawn": "7.0.3",
        "dd-trace": "^1.0.0",
        "delay": "5.0.0",
        "easy-table": "1.1.1",
        "expand-tilde": "2.0.2",
        "fast-glob": "3.2.7",
        "fastify": "3.21.0",
        "fastify-basic-auth": "2.1.0",
        "fastify-blipp": "3.1.0",
        "fastify-cors": "6.0.2",
        "fastify-plugin": "3.0.0",
        "fastify-static": "^4.2.2",
        "fastify-swagger": "^4.5.0",
        "fastify-websocket": "4.0.0",
        "ioredis": "4.27.9",
        "ipaddr.js": "^2.0.1",
        "jest": "27.1.0",
        "js-yaml": "^4.1.0",
        "json-schema-to-typescript": "10.1.4",
        "jsonwebtoken": "^8.5.1",
        "ms": "2.1.3",
        "node-fetch": "^2.6.1",
        "npm-run-all": "4.1.5",
        "open": "8.2.1",
        "opentracing": "^0.14.5",
        "parse-gitignore": "1.0.1",
        "pino": "6.13.2",
        "plausible-telemetry": "0.1.0",
        "secure-e2ee": "0.4.0",
        "secure-webhooks": "^0.3.0",
        "superjson": "^1.7.3",
        "supertest": "6.1.6",
        "ts-jest": "27.0.5",
        "typescript": "4.4.2",
        "uuid": "^8.3.2",
        "websocket": "1.0.34",
        "zod": "^3.0.0-alpha.29"
      }
    }
  }
}
